{
  "name": "server",
  "lockfileVersion": 3,
  "requires": true,
  "packages": {
    "": {
      "dependencies": {
        "docx": "^9.3.0",
        "whisper": "^0.3.3"
      }
    },
    "node_modules/@types/node": {
      "version": "22.14.1",
      "resolved": "https://registry.npmjs.org/@types/node/-/node-22.14.1.tgz",
      "integrity": "sha512-u0HuPQwe/dHrItgHHpmw3N2fYCR6x4ivMNbPHRkBVP4CvN+kiRrKHWk3i8tXiO/joPwXLMYvF9TTF0eqgHIuOw==",
      "license": "MIT",
      "dependencies": {
        "undici-types": "~6.21.0"
      }
    },
    "node_modules/baselog": {
      "version": "0.1.0",
      "resolved": "https://registry.npmjs.org/baselog/-/baselog-0.1.0.tgz",
      "integrity": "sha512-xla4f9z5v8o45B4nDRjneCa3RsJjANhe0Jt3g1pnDfrc1p8/iGIH2FAngVJPyikv8qLT74syjI6BEm2cw375ig==",
      "license": "MIT",
      "dependencies": {
        "boo": "~1.2.4"
      }
    },
    "node_modules/boo": {
      "version": "1.2.4",
      "resolved": "https://registry.npmjs.org/boo/-/boo-1.2.4.tgz",
      "integrity": "sha512-U+pq3vSlL93Wxpsz+o0aulYhZko1BG1sGVQ12k7VdhNHO07cCHOHHwmyB+n3sldyvF0VryIP/L+3i7ELxxaZdA=="
    },
    "node_modules/cassie": {
      "version": "1.4.1",
      "resolved": "https://registry.npmjs.org/cassie/-/cassie-1.4.1.tgz",
      "integrity": "sha512-lBGoAJCcxpQ0Uh/hRhEoWKNJJ1CSO3qlZvSG7YqJ5S9t/qxBkRL5/lA4+8UvZKTK2FlmAhwapuhdRQk/aUJE6A==",
      "deprecated": "Cassie is not actively maintained anymore (bugfixes will still be released). The author has moved to working on data.future. If you want Promises/A+ check out bluebird.",
      "dependencies": {
        "boo": "~1"
      },
      "engines": {
        "node": ">=0.4.0"
      }
    },
    "node_modules/cli-color": {
      "version": "0.2.3",
      "resolved": "https://registry.npmjs.org/cli-color/-/cli-color-0.2.3.tgz",
      "integrity": "sha512-f4DFHXdoe2rGMwuVO+DTBM6CkSt4m9R4a0vjnq5CJkSCKaXbrHbslCmyjG6cz/o50HP2wkjO3G1mXvc7G3V1LQ==",
      "dependencies": {
        "es5-ext": "~0.9.2",
        "memoizee": "~0.2.5"
      },
      "engines": {
        "node": ">=0.1.103"
      }
    },
    "node_modules/core-util-is": {
      "version": "1.0.3",
      "resolved": "https://registry.npmjs.org/core-util-is/-/core-util-is-1.0.3.tgz",
      "integrity": "sha512-ZQBvi1DcpJ4GDqanjucZ2Hj3wEO5pZDS89BWbkcrvdxksJorwUDDZamX9ldFkp9aw2lmBDLgkObEA4DWNJ9FYQ==",
      "license": "MIT"
    },
    "node_modules/docx": {
      "version": "9.3.0",
      "resolved": "https://registry.npmjs.org/docx/-/docx-9.3.0.tgz",
      "integrity": "sha512-IQwbSLBEMKNJmP9CDqSu3vJDhJps6tv/DlxsxuvfTclapd0JPCz1IFJTU//WdTjUenPMFaUD2Kg1nkQb/BWPIg==",
      "license": "MIT",
      "dependencies": {
        "@types/node": "^22.7.5",
        "hash.js": "^1.1.7",
        "jszip": "^3.10.1",
        "nanoid": "^5.1.3",
        "xml": "^1.0.1",
        "xml-js": "^1.6.8"
      },
      "engines": {
        "node": ">=10"
      }
    },
    "node_modules/ekho": {
      "version": "0.3.0",
      "resolved": "https://registry.npmjs.org/ekho/-/ekho-0.3.0.tgz",
      "integrity": "sha512-84EefwK9wqdrhiuAerjfI7VT1q2BqANflzlRO6Cn5/uwDi2wuWWwuIJChnKi3lAc4R8Q+Txvb0tRFKvWFbfCEA==",
      "deprecated": "This library is not actively maintained anymore.",
      "dependencies": {
        "boo": "~1.2.0"
      },
      "engines": {
        "node": "*"
      }
    },
    "node_modules/es5-ext": {
      "version": "0.9.2",
      "resolved": "https://registry.npmjs.org/es5-ext/-/es5-ext-0.9.2.tgz",
      "integrity": "sha512-wP3OSxZ0L/qK76t6qxPR8gWr2o5F4SzNF9qS5F/mOfVY3Ezcg07v6hSkETDmoekXIzn8xhQbHpp+tVlOE+qOAg==",
      "engines": {
        "node": ">=0.4"
      }
    },
    "node_modules/event-emitter": {
      "version": "0.2.2",
      "resolved": "https://registry.npmjs.org/event-emitter/-/event-emitter-0.2.2.tgz",
      "integrity": "sha512-kdjfxF6jYJ5m/OEe3ZNNJzbCEcagF4lNJeuhgrBSRnlitpdxICDKzCel+Z5Wbl7K9UhBN/7k2MzXBvCvSwfzzg==",
      "dependencies": {
        "es5-ext": "~0.9.2"
      },
      "engines": {
        "node": ">=0.4"
      }
    },
    "node_modules/flaw": {
      "version": "0.1.0",
      "resolved": "https://registry.npmjs.org/flaw/-/flaw-0.1.0.tgz",
      "integrity": "sha512-NvAz2EUV2aZthmFGVCyTW6Yjj/7owQNcDZy7Usb9eWu/+EDn+IhWdKQXf1pe3ti1Z1fkiIqljlGd4qcr29wjYg==",
      "license": "MIT"
    },
    "node_modules/hash.js": {
      "version": "1.1.7",
      "resolved": "https://registry.npmjs.org/hash.js/-/hash.js-1.1.7.tgz",
      "integrity": "sha512-taOaskGt4z4SOANNseOviYDvjEJinIkRgmp7LbKP2YTTmVxWBl87s/uzK9r+44BclBSp2X7K1hqeNfz9JbBeXA==",
      "license": "MIT",
      "dependencies": {
        "inherits": "^2.0.3",
        "minimalistic-assert": "^1.0.1"
      }
    },
    "node_modules/immediate": {
      "version": "3.0.6",
      "resolved": "https://registry.npmjs.org/immediate/-/immediate-3.0.6.tgz",
      "integrity": "sha512-XXOFtyqDjNDAQxVfYxuF7g9Il/IbWmmlQg2MYKOH8ExIT1qg6xc4zyS3HaEEATgs1btfzxq15ciUiY7gjSXRGQ==",
      "license": "MIT"
    },
    "node_modules/inherits": {
      "version": "2.0.4",
      "resolved": "https://registry.npmjs.org/inherits/-/inherits-2.0.4.tgz",
      "integrity": "sha512-k/vGaX4/Yla3WzyMCvTQOXYeIHvqOKtnqBduzTHpzpQZzAskKMhZ2K+EnBiSM9zGSoIFeMpXKxa4dYeZIQqewQ==",
      "license": "ISC"
    },
    "node_modules/isarray": {
      "version": "1.0.0",
      "resolved": "https://registry.npmjs.org/isarray/-/isarray-1.0.0.tgz",
      "integrity": "sha512-VLghIWNM6ELQzo7zwmcg0NmTVyWKYjvIeM83yjp0wRDTmUnrM678fQbcKBo6n2CJEF0szoG//ytg+TKla89ALQ==",
      "license": "MIT"
    },
    "node_modules/jszip": {
      "version": "3.10.1",
      "resolved": "https://registry.npmjs.org/jszip/-/jszip-3.10.1.tgz",
      "integrity": "sha512-xXDvecyTpGLrqFrvkrUSoxxfJI5AH7U8zxxtVclpsUtMCq4JQ290LY8AW5c7Ggnr/Y/oK+bQMbqK2qmtk3pN4g==",
      "license": "(MIT OR GPL-3.0-or-later)",
      "dependencies": {
        "lie": "~3.3.0",
        "pako": "~1.0.2",
        "readable-stream": "~2.3.6",
        "setimmediate": "^1.0.5"
      }
    },
    "node_modules/lie": {
      "version": "3.3.0",
      "resolved": "https://registry.npmjs.org/lie/-/lie-3.3.0.tgz",
      "integrity": "sha512-UaiMJzeWRlEujzAuw5LokY1L5ecNQYZKfmyZ9L7wDHb/p5etKaxXhohBcrw0EYby+G/NA52vRSN4N39dxHAIwQ==",
      "license": "MIT",
      "dependencies": {
        "immediate": "~3.0.5"
      }
    },
    "node_modules/lochness": {
      "version": "0.1.0",
      "resolved": "https://registry.npmjs.org/lochness/-/lochness-0.1.0.tgz",
      "integrity": "sha512-uzLYnIOpaRE5D6NZISBV0iN5Q39F9UTkQRLzQsqY3NCEyYGUGc9bxdhTu29jDGx3GpLVHUoIn/ffrUQfap/11w==",
      "license": "MIT",
      "dependencies": {
        "baselog": "~0.1.0",
        "cli-color": "~0.2.2",
        "moment": "~2.0.0"
      }
    },
    "node_modules/memoizee": {
      "version": "0.2.6",
      "resolved": "https://registry.npmjs.org/memoizee/-/memoizee-0.2.6.tgz",
      "integrity": "sha512-0VZI0btwyGk6FSDnJGuJtso4M/eSxhVb5ID5AZNWMFFgT2LexCV18hHI764V4ELKlyfnQ5KMQ+q5H3uvFN3MLw==",
      "license": "MIT",
      "dependencies": {
        "es5-ext": "~0.9.2",
        "event-emitter": "~0.2.2",
        "next-tick": "0.1.x"
      },
      "engines": {
        "node": ">=0.4"
      }
    },
    "node_modules/minimalistic-assert": {
      "version": "1.0.1",
      "resolved": "https://registry.npmjs.org/minimalistic-assert/-/minimalistic-assert-1.0.1.tgz",
      "integrity": "sha512-UtJcAD4yEaGtjPezWuO9wC4nwUnVH/8/Im3yEHQP4b67cXlD/Qr9hdITCU1xDbSEXg2XKNaP8jsReV7vQd00/A==",
      "license": "ISC"
    },
    "node_modules/moment": {
      "version": "2.0.0",
      "resolved": "https://registry.npmjs.org/moment/-/moment-2.0.0.tgz",
      "integrity": "sha512-l3jCjCJfC6pIuca13GMpCU4liEYvYk17XpFgpJSyLp8RX+dwdgrZBvtkaofmIigplezbG1VZFUgQbDFRSd37YA==",
      "engines": {
        "node": "*"
      }
    },
    "node_modules/nanoid": {
      "version": "5.1.5",
      "resolved": "https://registry.npmjs.org/nanoid/-/nanoid-5.1.5.tgz",
      "integrity": "sha512-Ir/+ZpE9fDsNH0hQ3C68uyThDXzYcim2EqcZ8zn8Chtt1iylPT9xXJB0kPCnqzgcEGikO9RxSrh63MsmVCU7Fw==",
      "funding": [
        {
          "type": "github",
          "url": "https://github.com/sponsors/ai"
        }
      ],
      "license": "MIT",
      "bin": {
        "nanoid": "bin/nanoid.js"
      },
      "engines": {
        "node": "^18 || >=20"
      }
    },
    "node_modules/next-tick": {
      "version": "0.1.0",
      "resolved": "https://registry.npmjs.org/next-tick/-/next-tick-0.1.0.tgz",
      "integrity": "sha512-I44QWeGCHJTx2D3buhnljvSjmPgJua3zdPGtlCQEvA45t9kS/CaHnlVqidTzHwq8LGXhD2SMezjk4hQgP+32Lg==",
      "license": "MIT",
      "engines": {
        "node": ">=0.4"
      }
    },
    "node_modules/optimist": {
      "version": "0.3.7",
      "resolved": "https://registry.npmjs.org/optimist/-/optimist-0.3.7.tgz",
      "integrity": "sha512-TCx0dXQzVtSCg2OgY/bO9hjM9cV4XYx09TVK+s3+FhkjT6LovsLe+pPMzpWf+6yXK/hUizs2gUoTw3jHM0VaTQ==",
      "license": "MIT/X11",
      "dependencies": {
        "wordwrap": "~0.0.2"
      }
    },
    "node_modules/pako": {
      "version": "1.0.11",
      "resolved": "https://registry.npmjs.org/pako/-/pako-1.0.11.tgz",
      "integrity": "sha512-4hLB8Py4zZce5s4yd9XzopqwVv/yGNhV1Bl8NTmCq1763HeK2+EwVTv+leGeL13Dnh2wfbqowVPXCIO0z4taYw==",
      "license": "(MIT AND Zlib)"
    },
    "node_modules/process-nextick-args": {
      "version": "2.0.1",
      "resolved": "https://registry.npmjs.org/process-nextick-args/-/process-nextick-args-2.0.1.tgz",
      "integrity": "sha512-3ouUOpQhtgrbOa17J7+uxOTpITYWaGP7/AhoR3+A+/1e9skrzelGi/dXzEYyvbxubEF6Wn2ypscTKiKJFFn1ag==",
      "license": "MIT"
    },
    "node_modules/readable-stream": {
      "version": "2.3.8",
      "resolved": "https://registry.npmjs.org/readable-stream/-/readable-stream-2.3.8.tgz",
      "integrity": "sha512-8p0AUk4XODgIewSi0l8Epjs+EVnWiK7NoDIEGU0HhE7+ZyY8D1IMY7odu5lRrFXGg71L15KG8QrPmum45RTtdA==",
      "license": "MIT",
      "dependencies": {
        "core-util-is": "~1.0.0",
        "inherits": "~2.0.3",
        "isarray": "~1.0.0",
        "process-nextick-args": "~2.0.0",
        "safe-buffer": "~5.1.1",
        "string_decoder": "~1.1.1",
        "util-deprecate": "~1.0.1"
      }
    },
    "node_modules/safe-buffer": {
      "version": "5.1.2",
      "resolved": "https://registry.npmjs.org/safe-buffer/-/safe-buffer-5.1.2.tgz",
      "integrity": "sha512-Gd2UZBJDkXlY7GbJxfsE8/nvKkUEU1G38c1siN6QP6a9PT9MmHB8GnpscSmMJSoF8LOIrt8ud/wPtojys4G6+g==",
      "license": "MIT"
    },
    "node_modules/sax": {
      "version": "1.4.1",
      "resolved": "https://registry.npmjs.org/sax/-/sax-1.4.1.tgz",
      "integrity": "sha512-+aWOz7yVScEGoKNd4PA10LZ8sk0A/z5+nXQG5giUO5rprX9jgYsTdov9qCchZiPIZezbZH+jRut8nPodFAX4Jg==",
      "license": "ISC"
    },
    "node_modules/setimmediate": {
      "version": "1.0.5",
      "resolved": "https://registry.npmjs.org/setimmediate/-/setimmediate-1.0.5.tgz",
      "integrity": "sha512-MATJdZp8sLqDl/68LfQmbP8zKPLQNV6BIZoIgrscFDQ+RsvK/BxeDQOgyxKKoh0y/8h3BqVFnCqQ/gd+reiIXA==",
      "license": "MIT"
    },
    "node_modules/string_decoder": {
      "version": "1.1.1",
      "resolved": "https://registry.npmjs.org/string_decoder/-/string_decoder-1.1.1.tgz",
      "integrity": "sha512-n/ShnvDi6FHbbVfviro+WojiFzv+s8MPMHBczVePfUpDJLwoLT0ht1l4YwBCbi8pJAveEEdnkHyPyTP/mzRfwg==",
      "license": "MIT",
      "dependencies": {
        "safe-buffer": "~5.1.0"
      }
    },
    "node_modules/undici-types": {
      "version": "6.21.0",
      "resolved": "https://registry.npmjs.org/undici-types/-/undici-types-6.21.0.tgz",
      "integrity": "sha512-iwDZqg0QAGrg9Rav5H4n0M64c3mkR59cJ6wQp+7C4nI0gsmExaedaYLNO44eT4AtBBwjbTiGPMlt2Md0T9H9JQ==",
      "license": "MIT"
    },
    "node_modules/util-deprecate": {
      "version": "1.0.2",
      "resolved": "https://registry.npmjs.org/util-deprecate/-/util-deprecate-1.0.2.tgz",
      "integrity": "sha512-EPD5q1uXyFxJpCrLnCc1nHnq3gOa6DZBocAIiI2TaSCA7VCJ1UJDMagCzIkXNsUYfD1daK//LTEQ8xiIbrHtcw==",
      "license": "MIT"
    },
    "node_modules/whisper": {
      "version": "0.3.3",
      "resolved": "https://registry.npmjs.org/whisper/-/whisper-0.3.3.tgz",
      "integrity": "sha512-qqhad5BbaDbmiZaWPQB+GRaBHaCC68ZsCpm6ziculbLeckZ/oxUEKwA1M+4I25q/FLsLXVzOXmc4mr5miLMtiA==",
      "license": "MIT",
      "dependencies": {
        "boo": "~1.2.4",
        "cassie": "~1.4.1",
        "ekho": "~0.3.0",
        "flaw": "~0.1.0",
        "lochness": "~0.1.0",
        "optimist": "~0.3.5"
      },
      "bin": {
        "whisper": "bin/whisper"
      }
    },
    "node_modules/wordwrap": {
      "version": "0.0.3",
      "resolved": "https://registry.npmjs.org/wordwrap/-/wordwrap-0.0.3.tgz",
      "integrity": "sha512-1tMA907+V4QmxV7dbRvb4/8MaRALK6q9Abid3ndMYnbyo8piisCmeONVqVSXqQA3KaP4SLt5b7ud6E2sqP8TFw==",
      "license": "MIT",
      "engines": {
        "node": ">=0.4.0"
      }
    },
    "node_modules/xml": {
      "version": "1.0.1",
      "resolved": "https://registry.npmjs.org/xml/-/xml-1.0.1.tgz",
      "integrity": "sha512-huCv9IH9Tcf95zuYCsQraZtWnJvBtLVE0QHMOs8bWyZAFZNDcYjsPq1nEx8jKA9y+Beo9v+7OBPRisQTjinQMw==",
      "license": "MIT"
    },
    "node_modules/xml-js": {
      "version": "1.6.11",
      "resolved": "https://registry.npmjs.org/xml-js/-/xml-js-1.6.11.tgz",
      "integrity": "sha512-7rVi2KMfwfWFl+GpPg6m80IVMWXLRjO+PxTq7V2CDhoGak0wzYzFgUY2m4XJ47OGdXd8eLE8EmwfAmdjw7lC1g==",
      "license": "MIT",
      "dependencies": {
        "sax": "^1.2.4"
      },
      "bin": {
        "xml-js": "bin/cli.js"
      }
    }
  }
}
